
Microsoft Visual Studio Solution File, Format Version 11.00
# Visual Studio 2010
Project("{FAE04EC0-301F-11D3-BF4B-00C04F79EFBC}") = "RomanNumerals", "RomanNumerals\RomanNumerals.csproj", "{D2574CB8-6B73-4098-9A78-0457C2544BF5}"
EndProject
Project("{FAE04EC0-301F-11D3-BF4B-00C04F79EFBC}") = "UnitTests", "UnitTests\UnitTests.csproj", "{117F537E-FDA0-44C2-89CA-75EAB6AF92F3}"
EndProject
Global
	GlobalSection(SolutionConfigurationPlatforms) = preSolution
		Debug|Any CPU = Debug|Any CPU
		Release|Any CPU = Release|Any CPU
	EndGlobalSection
	GlobalSection(ProjectConfigurationPlatforms) = postSolution
		{D2574CB8-6B73-4098-9A78-0457C2544BF5}.Debug|Any CPU.ActiveCfg = Debug|Any CPU
		{D2574CB8-6B73-4098-9A78-0457C2544BF5}.Debug|Any CPU.Build.0 = Debug|Any CPU
		{D2574CB8-6B73-4098-9A78-0457C2544BF5}.Release|Any CPU.ActiveCfg = Release|Any CPU
		{D2574CB8-6B73-4098-9A78-0457C2544BF5}.Release|Any CPU.Build.0 = Release|Any CPU
		{117F537E-FDA0-44C2-89CA-75EAB6AF92F3}.Debug|Any CPU.ActiveCfg = Debug|Any CPU
		{117F537E-FDA0-44C2-89CA-75EAB6AF92F3}.Debug|Any CPU.Build.0 = Debug|Any CPU
		{117F537E-FDA0-44C2-89CA-75EAB6AF92F3}.Release|Any CPU.ActiveCfg = Release|Any CPU
		{117F537E-FDA0-44C2-89CA-75EAB6AF92F3}.Release|Any CPU.Build.0 = Release|Any CPU
	EndGlobalSection
	GlobalSection(SolutionProperties) = preSolution
		HideSolutionNode = FALSE
	EndGlobalSection
EndGlobal
